
Microsoft Visual Studio Solution File, Format Version 12.00
# Visual Studio Version 17
VisualStudioVersion = 17.8.34330.188
MinimumVisualStudioVersion = 10.0.40219.1
Project("{FAE04EC0-301F-11D3-BF4B-00C04F79EFBC}") = "WebOdev123", "WebOdev123\WebOdev123.csproj", "{66EA55BE-08CA-481C-982A-26E523B10523}"
EndProject
Global
	GlobalSection(SolutionConfigurationPlatforms) = preSolution
		Debug|Any CPU = Debug|Any CPU
		Release|Any CPU = Release|Any CPU
	EndGlobalSection
	GlobalSection(ProjectConfigurationPlatforms) = postSolution
		{66EA55BE-08CA-481C-982A-26E523B10523}.Debug|Any CPU.ActiveCfg = Debug|Any CPU
		{66EA55BE-08CA-481C-982A-26E523B10523}.Debug|Any CPU.Build.0 = Debug|Any CPU
		{66EA55BE-08CA-481C-982A-26E523B10523}.Release|Any CPU.ActiveCfg = Release|Any CPU
		{66EA55BE-08CA-481C-982A-26E523B10523}.Release|Any CPU.Build.0 = Release|Any CPU
	EndGlobalSection
	GlobalSection(SolutionProperties) = preSolution
		HideSolutionNode = FALSE
	EndGlobalSection
	GlobalSection(ExtensibilityGlobals) = postSolution
		SolutionGuid = {6C2F8581-B32D-4FE1-BA9A-C68A8652B95C}
	EndGlobalSection
EndGlobal
